
Microsoft Visual Studio Solution File, Format Version 12.00
# Visual Studio 14
VisualStudioVersion = 14.0.25420.1
MinimumVisualStudioVersion = 10.0.40219.1
Project("{2150E333-8FDC-42A3-9474-1A3956D46DE8}") = "Repository", "Repository", "{6A319092-C716-4CBC-B4DB-4433F95CDD1E}"
EndProject
Project("{2150E333-8FDC-42A3-9474-1A3956D46DE8}") = "Common", "Common", "{E30A2307-9636-4372-9773-A49C8B5CB629}"
EndProject
Project("{2150E333-8FDC-42A3-9474-1A3956D46DE8}") = "Client", "Client", "{7A48CE8F-484C-43B8-91F7-7CB1BBE1ACC9}"
EndProject
Project("{2150E333-8FDC-42A3-9474-1A3956D46DE8}") = "BusinessService", "BusinessService", "{3DA41D5C-22C0-4ED4-AD96-55335C98A423}"
EndProject
Project("{2150E333-8FDC-42A3-9474-1A3956D46DE8}") = "Database", "Database", "{4335479D-0DA4-47D6-9E2B-1739E810F326}"
EndProject
Project("{FAE04EC0-301F-11D3-BF4B-00C04F79EFBC}") = "TSW.B2B.Database", "TSW.B2B.Database\TSW.B2B.Database.csproj", "{2957A05E-72ED-480B-8697-40411AECBAC7}"
EndProject
Project("{FAE04EC0-301F-11D3-BF4B-00C04F79EFBC}") = "TSW.B2B.Database.Test", "TSW.B2B.Database.Test\TSW.B2B.Database.Test.csproj", "{ACD9DD26-40ED-4B2F-976F-5A88AC92C428}"
EndProject
Project("{FAE04EC0-301F-11D3-BF4B-00C04F79EFBC}") = "TSW.B2B.BusinessServices", "TSW.B2B.BusinessServices\TSW.B2B.BusinessServices.csproj", "{11A85B3B-1BE4-4338-A729-6354D32BAAA8}"
EndProject
Project("{FAE04EC0-301F-11D3-BF4B-00C04F79EFBC}") = "TSW.B2B.BusinessObjects", "TSW.B2B.BusinessObjects\TSW.B2B.BusinessObjects.csproj", "{C54AE975-A726-4CEA-B305-FECD1005B891}"
EndProject
Project("{FAE04EC0-301F-11D3-BF4B-00C04F79EFBC}") = "TSW.B2B.Repositories", "TSW.B2B.Repositories\TSW.B2B.Repositories.csproj", "{033D6058-D562-495F-A116-BC3B5AC2BBA0}"
EndProject
Project("{FAE04EC0-301F-11D3-BF4B-00C04F79EFBC}") = "TSW.B2B.Entities", "TSW.B2B.Entities\TSW.B2B.Entities.csproj", "{AC1010E6-DE65-4460-AE64-BCB1ADF3FD10}"
EndProject
Project("{FAE04EC0-301F-11D3-BF4B-00C04F79EFBC}") = "TSW.B2B.Common", "TSW.B2B.Common\TSW.B2B.Common.csproj", "{A0509F96-BE42-4E5D-8C51-AFAA372CE904}"
EndProject
Global
	GlobalSection(SolutionConfigurationPlatforms) = preSolution
		Debug|Any CPU = Debug|Any CPU
		DEV-AWS|Any CPU = DEV-AWS|Any CPU
		DEV-Internal|Any CPU = DEV-Internal|Any CPU
		ON-PREM-UAT|Any CPU = ON-PREM-UAT|Any CPU
		PROD|Any CPU = PROD|Any CPU
		QA|Any CPU = QA|Any CPU
		QA-AWS|Any CPU = QA-AWS|Any CPU
		QA-Internal|Any CPU = QA-Internal|Any CPU
		Release|Any CPU = Release|Any CPU
		Staging_OnPrem|Any CPU = Staging_OnPrem|Any CPU
		UAT-AWS|Any CPU = UAT-AWS|Any CPU
	EndGlobalSection
	GlobalSection(ProjectConfigurationPlatforms) = postSolution
		{2957A05E-72ED-480B-8697-40411AECBAC7}.Debug|Any CPU.ActiveCfg = Debug|Any CPU
		{2957A05E-72ED-480B-8697-40411AECBAC7}.Debug|Any CPU.Build.0 = Debug|Any CPU
		{2957A05E-72ED-480B-8697-40411AECBAC7}.DEV-AWS|Any CPU.ActiveCfg = Debug|Any CPU
		{2957A05E-72ED-480B-8697-40411AECBAC7}.DEV-AWS|Any CPU.Build.0 = Debug|Any CPU
		{2957A05E-72ED-480B-8697-40411AECBAC7}.DEV-Internal|Any CPU.ActiveCfg = Debug|Any CPU
		{2957A05E-72ED-480B-8697-40411AECBAC7}.DEV-Internal|Any CPU.Build.0 = Debug|Any CPU
		{2957A05E-72ED-480B-8697-40411AECBAC7}.ON-PREM-UAT|Any CPU.ActiveCfg = Release|Any CPU
		{2957A05E-72ED-480B-8697-40411AECBAC7}.ON-PREM-UAT|Any CPU.Build.0 = Release|Any CPU
		{2957A05E-72ED-480B-8697-40411AECBAC7}.PROD|Any CPU.ActiveCfg = Release|Any CPU
		{2957A05E-72ED-480B-8697-40411AECBAC7}.PROD|Any CPU.Build.0 = Release|Any CPU
		{2957A05E-72ED-480B-8697-40411AECBAC7}.QA|Any CPU.ActiveCfg = Release|Any CPU
		{2957A05E-72ED-480B-8697-40411AECBAC7}.QA|Any CPU.Build.0 = Release|Any CPU
		{2957A05E-72ED-480B-8697-40411AECBAC7}.QA-AWS|Any CPU.ActiveCfg = Release|Any CPU
		{2957A05E-72ED-480B-8697-40411AECBAC7}.QA-AWS|Any CPU.Build.0 = Release|Any CPU
		{2957A05E-72ED-480B-8697-40411AECBAC7}.QA-Internal|Any CPU.ActiveCfg = Release|Any CPU
		{2957A05E-72ED-480B-8697-40411AECBAC7}.QA-Internal|Any CPU.Build.0 = Release|Any CPU
		{2957A05E-72ED-480B-8697-40411AECBAC7}.Release|Any CPU.ActiveCfg = Release|Any CPU
		{2957A05E-72ED-480B-8697-40411AECBAC7}.Release|Any CPU.Build.0 = Release|Any CPU
		{2957A05E-72ED-480B-8697-40411AECBAC7}.Staging_OnPrem|Any CPU.ActiveCfg = Release|Any CPU
		{2957A05E-72ED-480B-8697-40411AECBAC7}.Staging_OnPrem|Any CPU.Build.0 = Release|Any CPU
		{2957A05E-72ED-480B-8697-40411AECBAC7}.UAT-AWS|Any CPU.ActiveCfg = Release|Any CPU
		{2957A05E-72ED-480B-8697-40411AECBAC7}.UAT-AWS|Any CPU.Build.0 = Release|Any CPU
		{ACD9DD26-40ED-4B2F-976F-5A88AC92C428}.Debug|Any CPU.ActiveCfg = Debug|Any CPU
		{ACD9DD26-40ED-4B2F-976F-5A88AC92C428}.Debug|Any CPU.Build.0 = Debug|Any CPU
		{ACD9DD26-40ED-4B2F-976F-5A88AC92C428}.DEV-AWS|Any CPU.ActiveCfg = Debug|Any CPU
		{ACD9DD26-40ED-4B2F-976F-5A88AC92C428}.DEV-AWS|Any CPU.Build.0 = Debug|Any CPU
		{ACD9DD26-40ED-4B2F-976F-5A88AC92C428}.DEV-Internal|Any CPU.ActiveCfg = Debug|Any CPU
		{ACD9DD26-40ED-4B2F-976F-5A88AC92C428}.DEV-Internal|Any CPU.Build.0 = Debug|Any CPU
		{ACD9DD26-40ED-4B2F-976F-5A88AC92C428}.ON-PREM-UAT|Any CPU.ActiveCfg = Release|Any CPU
		{ACD9DD26-40ED-4B2F-976F-5A88AC92C428}.ON-PREM-UAT|Any CPU.Build.0 = Release|Any CPU
		{ACD9DD26-40ED-4B2F-976F-5A88AC92C428}.PROD|Any CPU.ActiveCfg = Release|Any CPU
		{ACD9DD26-40ED-4B2F-976F-5A88AC92C428}.PROD|Any CPU.Build.0 = Release|Any CPU
		{ACD9DD26-40ED-4B2F-976F-5A88AC92C428}.QA|Any CPU.ActiveCfg = Release|Any CPU
		{ACD9DD26-40ED-4B2F-976F-5A88AC92C428}.QA|Any CPU.Build.0 = Release|Any CPU
		{ACD9DD26-40ED-4B2F-976F-5A88AC92C428}.QA-AWS|Any CPU.ActiveCfg = Release|Any CPU
		{ACD9DD26-40ED-4B2F-976F-5A88AC92C428}.QA-AWS|Any CPU.Build.0 = Release|Any CPU
		{ACD9DD26-40ED-4B2F-976F-5A88AC92C428}.QA-Internal|Any CPU.ActiveCfg = Release|Any CPU
		{ACD9DD26-40ED-4B2F-976F-5A88AC92C428}.QA-Internal|Any CPU.Build.0 = Release|Any CPU
		{ACD9DD26-40ED-4B2F-976F-5A88AC92C428}.Release|Any CPU.ActiveCfg = Release|Any CPU
		{ACD9DD26-40ED-4B2F-976F-5A88AC92C428}.Release|Any CPU.Build.0 = Release|Any CPU
		{ACD9DD26-40ED-4B2F-976F-5A88AC92C428}.Staging_OnPrem|Any CPU.ActiveCfg = Release|Any CPU
		{ACD9DD26-40ED-4B2F-976F-5A88AC92C428}.Staging_OnPrem|Any CPU.Build.0 = Release|Any CPU
		{ACD9DD26-40ED-4B2F-976F-5A88AC92C428}.UAT-AWS|Any CPU.ActiveCfg = Release|Any CPU
		{ACD9DD26-40ED-4B2F-976F-5A88AC92C428}.UAT-AWS|Any CPU.Build.0 = Release|Any CPU
		{11A85B3B-1BE4-4338-A729-6354D32BAAA8}.Debug|Any CPU.ActiveCfg = Debug|Any CPU
		{11A85B3B-1BE4-4338-A729-6354D32BAAA8}.Debug|Any CPU.Build.0 = Debug|Any CPU
		{11A85B3B-1BE4-4338-A729-6354D32BAAA8}.DEV-AWS|Any CPU.ActiveCfg = DEV-AWS|Any CPU
		{11A85B3B-1BE4-4338-A729-6354D32BAAA8}.DEV-AWS|Any CPU.Build.0 = DEV-AWS|Any CPU
		{11A85B3B-1BE4-4338-A729-6354D32BAAA8}.DEV-Internal|Any CPU.ActiveCfg = DEV-Internal|Any CPU
		{11A85B3B-1BE4-4338-A729-6354D32BAAA8}.DEV-Internal|Any CPU.Build.0 = DEV-Internal|Any CPU
		{11A85B3B-1BE4-4338-A729-6354D32BAAA8}.ON-PREM-UAT|Any CPU.ActiveCfg = ON-PREM-UAT|Any CPU
		{11A85B3B-1BE4-4338-A729-6354D32BAAA8}.ON-PREM-UAT|Any CPU.Build.0 = ON-PREM-UAT|Any CPU
		{11A85B3B-1BE4-4338-A729-6354D32BAAA8}.PROD|Any CPU.ActiveCfg = PROD|Any CPU
		{11A85B3B-1BE4-4338-A729-6354D32BAAA8}.PROD|Any CPU.Build.0 = PROD|Any CPU
		{11A85B3B-1BE4-4338-A729-6354D32BAAA8}.QA|Any CPU.ActiveCfg = QA|Any CPU
		{11A85B3B-1BE4-4338-A729-6354D32BAAA8}.QA|Any CPU.Build.0 = QA|Any CPU
		{11A85B3B-1BE4-4338-A729-6354D32BAAA8}.QA-AWS|Any CPU.ActiveCfg = QA-AWS|Any CPU
		{11A85B3B-1BE4-4338-A729-6354D32BAAA8}.QA-AWS|Any CPU.Build.0 = QA-AWS|Any CPU
		{11A85B3B-1BE4-4338-A729-6354D32BAAA8}.QA-Internal|Any CPU.ActiveCfg = QA-Internal|Any CPU
		{11A85B3B-1BE4-4338-A729-6354D32BAAA8}.QA-Internal|Any CPU.Build.0 = QA-Internal|Any CPU
		{11A85B3B-1BE4-4338-A729-6354D32BAAA8}.Release|Any CPU.ActiveCfg = Release|Any CPU
		{11A85B3B-1BE4-4338-A729-6354D32BAAA8}.Release|Any CPU.Build.0 = Release|Any CPU
		{11A85B3B-1BE4-4338-A729-6354D32BAAA8}.Staging_OnPrem|Any CPU.ActiveCfg = Staging_OnPrem|Any CPU
		{11A85B3B-1BE4-4338-A729-6354D32BAAA8}.Staging_OnPrem|Any CPU.Build.0 = Staging_OnPrem|Any CPU
		{11A85B3B-1BE4-4338-A729-6354D32BAAA8}.UAT-AWS|Any CPU.ActiveCfg = UAT-AWS|Any CPU
		{11A85B3B-1BE4-4338-A729-6354D32BAAA8}.UAT-AWS|Any CPU.Build.0 = UAT-AWS|Any CPU
		{C54AE975-A726-4CEA-B305-FECD1005B891}.Debug|Any CPU.ActiveCfg = Debug|Any CPU
		{C54AE975-A726-4CEA-B305-FECD1005B891}.Debug|Any CPU.Build.0 = Debug|Any CPU
		{C54AE975-A726-4CEA-B305-FECD1005B891}.DEV-AWS|Any CPU.ActiveCfg = DEV-AWS|Any CPU
		{C54AE975-A726-4CEA-B305-FECD1005B891}.DEV-AWS|Any CPU.Build.0 = DEV-AWS|Any CPU
		{C54AE975-A726-4CEA-B305-FECD1005B891}.DEV-Internal|Any CPU.ActiveCfg = DEV-Internal|Any CPU
		{C54AE975-A726-4CEA-B305-FECD1005B891}.DEV-Internal|Any CPU.Build.0 = DEV-Internal|Any CPU
		{C54AE975-A726-4CEA-B305-FECD1005B891}.ON-PREM-UAT|Any CPU.ActiveCfg = ON-PREM-UAT|Any CPU
		{C54AE975-A726-4CEA-B305-FECD1005B891}.ON-PREM-UAT|Any CPU.Build.0 = ON-PREM-UAT|Any CPU
		{C54AE975-A726-4CEA-B305-FECD1005B891}.PROD|Any CPU.ActiveCfg = PROD|Any CPU
		{C54AE975-A726-4CEA-B305-FECD1005B891}.PROD|Any CPU.Build.0 = PROD|Any CPU
		{C54AE975-A726-4CEA-B305-FECD1005B891}.QA|Any CPU.ActiveCfg = QA|Any CPU
		{C54AE975-A726-4CEA-B305-FECD1005B891}.QA|Any CPU.Build.0 = QA|Any CPU
		{C54AE975-A726-4CEA-B305-FECD1005B891}.QA-AWS|Any CPU.ActiveCfg = QA-AWS|Any CPU
		{C54AE975-A726-4CEA-B305-FECD1005B891}.QA-AWS|Any CPU.Build.0 = QA-AWS|Any CPU
		{C54AE975-A726-4CEA-B305-FECD1005B891}.QA-Internal|Any CPU.ActiveCfg = QA-Internal|Any CPU
		{C54AE975-A726-4CEA-B305-FECD1005B891}.QA-Internal|Any CPU.Build.0 = QA-Internal|Any CPU
		{C54AE975-A726-4CEA-B305-FECD1005B891}.Release|Any CPU.ActiveCfg = Release|Any CPU
		{C54AE975-A726-4CEA-B305-FECD1005B891}.Release|Any CPU.Build.0 = Release|Any CPU
		{C54AE975-A726-4CEA-B305-FECD1005B891}.Staging_OnPrem|Any CPU.ActiveCfg = Staging_OnPrem|Any CPU
		{C54AE975-A726-4CEA-B305-FECD1005B891}.Staging_OnPrem|Any CPU.Build.0 = Staging_OnPrem|Any CPU
		{C54AE975-A726-4CEA-B305-FECD1005B891}.UAT-AWS|Any CPU.ActiveCfg = UAT-AWS|Any CPU
		{C54AE975-A726-4CEA-B305-FECD1005B891}.UAT-AWS|Any CPU.Build.0 = UAT-AWS|Any CPU
		{033D6058-D562-495F-A116-BC3B5AC2BBA0}.Debug|Any CPU.ActiveCfg = Debug|Any CPU
		{033D6058-D562-495F-A116-BC3B5AC2BBA0}.Debug|Any CPU.Build.0 = Debug|Any CPU
		{033D6058-D562-495F-A116-BC3B5AC2BBA0}.DEV-AWS|Any CPU.ActiveCfg = DEV-AWS|Any CPU
		{033D6058-D562-495F-A116-BC3B5AC2BBA0}.DEV-AWS|Any CPU.Build.0 = DEV-AWS|Any CPU
		{033D6058-D562-495F-A116-BC3B5AC2BBA0}.DEV-Internal|Any CPU.ActiveCfg = DEV-Internal|Any CPU
		{033D6058-D562-495F-A116-BC3B5AC2BBA0}.DEV-Internal|Any CPU.Build.0 = DEV-Internal|Any CPU
		{033D6058-D562-495F-A116-BC3B5AC2BBA0}.ON-PREM-UAT|Any CPU.ActiveCfg = ON-PREM-UAT|Any CPU
		{033D6058-D562-495F-A116-BC3B5AC2BBA0}.ON-PREM-UAT|Any CPU.Build.0 = ON-PREM-UAT|Any CPU
		{033D6058-D562-495F-A116-BC3B5AC2BBA0}.PROD|Any CPU.ActiveCfg = PROD|Any CPU
		{033D6058-D562-495F-A116-BC3B5AC2BBA0}.PROD|Any CPU.Build.0 = PROD|Any CPU
		{033D6058-D562-495F-A116-BC3B5AC2BBA0}.QA|Any CPU.ActiveCfg = QA|Any CPU
		{033D6058-D562-495F-A116-BC3B5AC2BBA0}.QA|Any CPU.Build.0 = QA|Any CPU
		{033D6058-D562-495F-A116-BC3B5AC2BBA0}.QA-AWS|Any CPU.ActiveCfg = QA-AWS|Any CPU
		{033D6058-D562-495F-A116-BC3B5AC2BBA0}.QA-AWS|Any CPU.Build.0 = QA-AWS|Any CPU
		{033D6058-D562-495F-A116-BC3B5AC2BBA0}.QA-Internal|Any CPU.ActiveCfg = QA-Internal|Any CPU
		{033D6058-D562-495F-A116-BC3B5AC2BBA0}.QA-Internal|Any CPU.Build.0 = QA-Internal|Any CPU
		{033D6058-D562-495F-A116-BC3B5AC2BBA0}.Release|Any CPU.ActiveCfg = Release|Any CPU
		{033D6058-D562-495F-A116-BC3B5AC2BBA0}.Release|Any CPU.Build.0 = Release|Any CPU
		{033D6058-D562-495F-A116-BC3B5AC2BBA0}.Staging_OnPrem|Any CPU.ActiveCfg = Staging_OnPrem|Any CPU
		{033D6058-D562-495F-A116-BC3B5AC2BBA0}.Staging_OnPrem|Any CPU.Build.0 = Staging_OnPrem|Any CPU
		{033D6058-D562-495F-A116-BC3B5AC2BBA0}.UAT-AWS|Any CPU.ActiveCfg = Staging_OnPrem|Any CPU
		{033D6058-D562-495F-A116-BC3B5AC2BBA0}.UAT-AWS|Any CPU.Build.0 = Staging_OnPrem|Any CPU
		{AC1010E6-DE65-4460-AE64-BCB1ADF3FD10}.Debug|Any CPU.ActiveCfg = Debug|Any CPU
		{AC1010E6-DE65-4460-AE64-BCB1ADF3FD10}.Debug|Any CPU.Build.0 = Debug|Any CPU
		{AC1010E6-DE65-4460-AE64-BCB1ADF3FD10}.DEV-AWS|Any CPU.ActiveCfg = DEV-AWS|Any CPU
		{AC1010E6-DE65-4460-AE64-BCB1ADF3FD10}.DEV-AWS|Any CPU.Build.0 = DEV-AWS|Any CPU
		{AC1010E6-DE65-4460-AE64-BCB1ADF3FD10}.DEV-Internal|Any CPU.ActiveCfg = DEV-Internal|Any CPU
		{AC1010E6-DE65-4460-AE64-BCB1ADF3FD10}.DEV-Internal|Any CPU.Build.0 = DEV-Internal|Any CPU
		{AC1010E6-DE65-4460-AE64-BCB1ADF3FD10}.ON-PREM-UAT|Any CPU.ActiveCfg = ON-PREM-UAT|Any CPU
		{AC1010E6-DE65-4460-AE64-BCB1ADF3FD10}.ON-PREM-UAT|Any CPU.Build.0 = ON-PREM-UAT|Any CPU
		{AC1010E6-DE65-4460-AE64-BCB1ADF3FD10}.PROD|Any CPU.ActiveCfg = PROD|Any CPU
		{AC1010E6-DE65-4460-AE64-BCB1ADF3FD10}.PROD|Any CPU.Build.0 = PROD|Any CPU
		{AC1010E6-DE65-4460-AE64-BCB1ADF3FD10}.QA|Any CPU.ActiveCfg = QA|Any CPU
		{AC1010E6-DE65-4460-AE64-BCB1ADF3FD10}.QA|Any CPU.Build.0 = QA|Any CPU
		{AC1010E6-DE65-4460-AE64-BCB1ADF3FD10}.QA-AWS|Any CPU.ActiveCfg = QA-AWS|Any CPU
		{AC1010E6-DE65-4460-AE64-BCB1ADF3FD10}.QA-AWS|Any CPU.Build.0 = QA-AWS|Any CPU
		{AC1010E6-DE65-4460-AE64-BCB1ADF3FD10}.QA-Internal|Any CPU.ActiveCfg = QA-Internal|Any CPU
		{AC1010E6-DE65-4460-AE64-BCB1ADF3FD10}.QA-Internal|Any CPU.Build.0 = QA-Internal|Any CPU
		{AC1010E6-DE65-4460-AE64-BCB1ADF3FD10}.Release|Any CPU.ActiveCfg = Release|Any CPU
		{AC1010E6-DE65-4460-AE64-BCB1ADF3FD10}.Release|Any CPU.Build.0 = Release|Any CPU
		{AC1010E6-DE65-4460-AE64-BCB1ADF3FD10}.Staging_OnPrem|Any CPU.ActiveCfg = Staging_OnPrem|Any CPU
		{AC1010E6-DE65-4460-AE64-BCB1ADF3FD10}.Staging_OnPrem|Any CPU.Build.0 = Staging_OnPrem|Any CPU
		{AC1010E6-DE65-4460-AE64-BCB1ADF3FD10}.UAT-AWS|Any CPU.ActiveCfg = UAT-AWS|Any CPU
		{AC1010E6-DE65-4460-AE64-BCB1ADF3FD10}.UAT-AWS|Any CPU.Build.0 = UAT-AWS|Any CPU
		{A0509F96-BE42-4E5D-8C51-AFAA372CE904}.Debug|Any CPU.ActiveCfg = Debug|Any CPU
		{A0509F96-BE42-4E5D-8C51-AFAA372CE904}.Debug|Any CPU.Build.0 = Debug|Any CPU
		{A0509F96-BE42-4E5D-8C51-AFAA372CE904}.DEV-AWS|Any CPU.ActiveCfg = DEV-AWS|Any CPU
		{A0509F96-BE42-4E5D-8C51-AFAA372CE904}.DEV-AWS|Any CPU.Build.0 = DEV-AWS|Any CPU
		{A0509F96-BE42-4E5D-8C51-AFAA372CE904}.DEV-Internal|Any CPU.ActiveCfg = DEV-Internal|Any CPU
		{A0509F96-BE42-4E5D-8C51-AFAA372CE904}.DEV-Internal|Any CPU.Build.0 = DEV-Internal|Any CPU
		{A0509F96-BE42-4E5D-8C51-AFAA372CE904}.ON-PREM-UAT|Any CPU.ActiveCfg = ON-PREM-UAT|Any CPU
		{A0509F96-BE42-4E5D-8C51-AFAA372CE904}.ON-PREM-UAT|Any CPU.Build.0 = ON-PREM-UAT|Any CPU
		{A0509F96-BE42-4E5D-8C51-AFAA372CE904}.PROD|Any CPU.ActiveCfg = PROD|Any CPU
		{A0509F96-BE42-4E5D-8C51-AFAA372CE904}.PROD|Any CPU.Build.0 = PROD|Any CPU
		{A0509F96-BE42-4E5D-8C51-AFAA372CE904}.QA|Any CPU.ActiveCfg = QA|Any CPU
		{A0509F96-BE42-4E5D-8C51-AFAA372CE904}.QA|Any CPU.Build.0 = QA|Any CPU
		{A0509F96-BE42-4E5D-8C51-AFAA372CE904}.QA-AWS|Any CPU.ActiveCfg = QA-AWS|Any CPU
		{A0509F96-BE42-4E5D-8C51-AFAA372CE904}.QA-AWS|Any CPU.Build.0 = QA-AWS|Any CPU
		{A0509F96-BE42-4E5D-8C51-AFAA372CE904}.QA-Internal|Any CPU.ActiveCfg = QA-Internal|Any CPU
		{A0509F96-BE42-4E5D-8C51-AFAA372CE904}.QA-Internal|Any CPU.Build.0 = QA-Internal|Any CPU
		{A0509F96-BE42-4E5D-8C51-AFAA372CE904}.Release|Any CPU.ActiveCfg = Release|Any CPU
		{A0509F96-BE42-4E5D-8C51-AFAA372CE904}.Release|Any CPU.Build.0 = Release|Any CPU
		{A0509F96-BE42-4E5D-8C51-AFAA372CE904}.Staging_OnPrem|Any CPU.ActiveCfg = Staging_OnPrem|Any CPU
		{A0509F96-BE42-4E5D-8C51-AFAA372CE904}.Staging_OnPrem|Any CPU.Build.0 = Staging_OnPrem|Any CPU
		{A0509F96-BE42-4E5D-8C51-AFAA372CE904}.UAT-AWS|Any CPU.ActiveCfg = Staging_OnPrem|Any CPU
		{A0509F96-BE42-4E5D-8C51-AFAA372CE904}.UAT-AWS|Any CPU.Build.0 = Staging_OnPrem|Any CPU
	EndGlobalSection
	GlobalSection(SolutionProperties) = preSolution
		HideSolutionNode = FALSE
	EndGlobalSection
	GlobalSection(NestedProjects) = preSolution
		{2957A05E-72ED-480B-8697-40411AECBAC7} = {4335479D-0DA4-47D6-9E2B-1739E810F326}
		{ACD9DD26-40ED-4B2F-976F-5A88AC92C428} = {4335479D-0DA4-47D6-9E2B-1739E810F326}
		{11A85B3B-1BE4-4338-A729-6354D32BAAA8} = {3DA41D5C-22C0-4ED4-AD96-55335C98A423}
		{C54AE975-A726-4CEA-B305-FECD1005B891} = {3DA41D5C-22C0-4ED4-AD96-55335C98A423}
		{033D6058-D562-495F-A116-BC3B5AC2BBA0} = {6A319092-C716-4CBC-B4DB-4433F95CDD1E}
		{AC1010E6-DE65-4460-AE64-BCB1ADF3FD10} = {6A319092-C716-4CBC-B4DB-4433F95CDD1E}
		{A0509F96-BE42-4E5D-8C51-AFAA372CE904} = {E30A2307-9636-4372-9773-A49C8B5CB629}
	EndGlobalSection
EndGlobal
